
Microsoft Visual Studio Solution File, Format Version 12.00
# Visual Studio Version 17
VisualStudioVersion = 17.3.32901.215
MinimumVisualStudioVersion = 10.0.40219.1
Project("{8BC9CEB8-8B4A-11D0-8D11-00A0C91BC942}") = "220914", "220914.vcxproj", "{CA38FE00-409C-47E5-AA24-13BB2EB847EE}"
EndProject
Global
	GlobalSection(SolutionConfigurationPlatforms) = preSolution
		Debug|x64 = Debug|x64
		Debug|x86 = Debug|x86
		Release|x64 = Release|x64
		Release|x86 = Release|x86
	EndGlobalSection
	GlobalSection(ProjectConfigurationPlatforms) = postSolution
		{CA38FE00-409C-47E5-AA24-13BB2EB847EE}.Debug|x64.ActiveCfg = Debug|x64
		{CA38FE00-409C-47E5-AA24-13BB2EB847EE}.Debug|x64.Build.0 = Debug|x64
		{CA38FE00-409C-47E5-AA24-13BB2EB847EE}.Debug|x86.ActiveCfg = Debug|Win32
		{CA38FE00-409C-47E5-AA24-13BB2EB847EE}.Debug|x86.Build.0 = Debug|Win32
		{CA38FE00-409C-47E5-AA24-13BB2EB847EE}.Release|x64.ActiveCfg = Release|x64
		{CA38FE00-409C-47E5-AA24-13BB2EB847EE}.Release|x64.Build.0 = Release|x64
		{CA38FE00-409C-47E5-AA24-13BB2EB847EE}.Release|x86.ActiveCfg = Release|Win32
		{CA38FE00-409C-47E5-AA24-13BB2EB847EE}.Release|x86.Build.0 = Release|Win32
	EndGlobalSection
	GlobalSection(SolutionProperties) = preSolution
		HideSolutionNode = FALSE
	EndGlobalSection
	GlobalSection(ExtensibilityGlobals) = postSolution
		SolutionGuid = {4749AB9E-EAE4-4670-A738-5C776EC9B2F7}
	EndGlobalSection
EndGlobal
